{
  "name": "snipo-frontend-vendor",
  "version": "1.7.1",
  "lockfileVersion": 3,
  "requires": true,
  "packages": {
    "": {
      "name": "snipo-frontend-vendor",
      "version": "1.7.1",
      "hasInstallScript": true,
      "dependencies": {
        "@alpinejs/collapse": "^3.15.8",
        "@picocss/pico": "^2.1.1",
        "ace-builds": "^1.43.6",
        "alpinejs": "^3.15.8",
        "htmx.org": "^2.0.8",
        "marked": "^17.0.4",
        "prismjs": "^1.30.0"
      }
    },
    "node_modules/@alpinejs/collapse": {
      "version": "3.17.4",
      "resolved": "https://registry.npmjs.org/@alpinejs/collapse/-/collapse-3.17.4.tgz",
      "integrity": "sha512-Us4cE8jHzKtRs4mYNbmX4art/Hpm90vIGH6h5Mcv1EWK9Dgg48RNzSlPFt9F/D6bk2onbdeagYayqEvzpPbqPg==",
      "license": "MIT"
    },
    "node_modules/@picocss/pico": {
      "version": "2.1.1",
      "resolved": "https://registry.npmjs.org/@picocss/pico/-/pico-2.1.1.tgz",
      "integrity": "sha512-kIDugA7Ps4U+2BHxiNHmvgPIQDWPDU4IeU6TNRdvXQM1uZX+FibqDQT2xUOnnO2yq/LUHcwnGlu1hvf4KfXnMg==",
      "license": "MIT"
    },
    "node_modules/@vue/reactivity": {
      "version": "3.5.43",
      "resolved": "https://registry.npmjs.org/@vue/reactivity/-/reactivity-3.5.43.tgz",
      "integrity": "sha512-G/c9GyOZNI2jVaaS6OX1EF1SSFSv7H0ERqNTl4+DTFMlZmB5eVAB53aLQNam/7NL2NPtaDD7RdVrzf8uJzMuOA==",
      "license": "MIT",
      "dependencies": {
        "@vue/shared": "3.5.43"
      }
    },
    "node_modules/@vue/shared": {
      "version": "3.5.43",
      "resolved": "https://registry.npmjs.org/@vue/shared/-/shared-3.5.43.tgz",
      "integrity": "sha512-uksS7YGMR5NZyr4JNq0Rp+QyLns0ueaz20KwzIPW9R0LH1Vnt4E+XUM29PNseEbf1www2gOuhuDi5AKOIXag9Q==",
      "license": "MIT"
    },
    "node_modules/ace-builds": {
      "version": "1.44.0",
      "resolved": "https://registry.npmjs.org/ace-builds/-/ace-builds-1.44.0.tgz",
      "integrity": "sha512-PFNMSYqFdEUkul2Ntud0HvA09AgY+F1ag0UYdpMH60wNI/qOA8cB8tlTgoALMEwIdUPJK2CjrIQ7OnbiSS/ugQ==",
      "license": "BSD-3-Clause"
    },
    "node_modules/alpinejs": {
      "version": "3.17.4",
      "resolved": "https://registry.npmjs.org/alpinejs/-/alpinejs-3.17.4.tgz",
      "integrity": "sha512-N2gsr+58XVUt7OAPKnUGiKPDtkd+xbSGTae8C8IJxeRdkkhBJPIautkJ+qcwb7lcjJ/QK3/CPVIbN20JPvtK7A==",
      "license": "MIT",
      "dependencies": {
        "@vue/reactivity": "~3.5.40"
      }
    },
    "node_modules/htmx.org": {
      "version": "2.0.11",
      "resolved": "https://registry.npmjs.org/htmx.org/-/htmx.org-2.0.11.tgz",
      "integrity": "sha512-Thx/WtpeOQqSrqBCw/A1cwGJGg4UrVa3+sW0GmrM3p4gJgO89ecH4qtbnyzDDWFvBTqjnIMCgELTNt636dtamA==",
      "license": "0BSD"
    },
    "node_modules/marked": {
      "version": "17.0.6",
      "resolved": "https://registry.npmjs.org/marked/-/marked-17.0.6.tgz",
      "integrity": "sha512-gB0gkNafnonOw0obSTEGZTT86IuhILt2Wfx0mWH/1Au83kybTayroZ/V6nS25mN7u8ASy+5fMhgB3XPNrOZdmA==",
      "license": "MIT",
      "bin": {
        "marked": "bin/marked.js"
      },
      "engines": {
        "node": ">= 20"
      }
    },
    "node_modules/prismjs": {
      "version": "1.30.0",
      "resolved": "https://registry.npmjs.org/prismjs/-/prismjs-1.30.0.tgz",
      "integrity": "sha512-DEvV2ZF2r2/63V+tK8hQvrR2ZGn10srHbXviTlcv7Kpzw8jWiNTqbVgjO3IY8RxrrOUF8VPMQQFysYYYv0YZxw==",
      "license": "MIT",
      "engines": {
        "node": ">=6"
      }
    }
  }
}
